
Microsoft Visual Studio Solution File, Format Version 12.00
# Visual Studio 2015
Project("{FAE04EC0-301F-11D3-BF4B-00C04F79EFBC}") = "CircleHit-master.CSharp", "CircleHit-master.CSharp.csproj", "{1BE066DD-12D9-6E3D-ED71-DAF3109CC38F}"
EndProject
Global
	GlobalSection(SolutionConfigurationPlatforms) = preSolution
		Debug|Any CPU = Debug|Any CPU
		Release|Any CPU = Release|Any CPU
	EndGlobalSection
	GlobalSection(ProjectConfigurationPlatforms) = postSolution
		{1BE066DD-12D9-6E3D-ED71-DAF3109CC38F}.Debug|Any CPU.ActiveCfg = Debug|Any CPU
		{1BE066DD-12D9-6E3D-ED71-DAF3109CC38F}.Debug|Any CPU.Build.0 = Debug|Any CPU
		{1BE066DD-12D9-6E3D-ED71-DAF3109CC38F}.Release|Any CPU.ActiveCfg = Release|Any CPU
		{1BE066DD-12D9-6E3D-ED71-DAF3109CC38F}.Release|Any CPU.Build.0 = Release|Any CPU
	EndGlobalSection
	GlobalSection(SolutionProperties) = preSolution
		HideSolutionNode = FALSE
	EndGlobalSection
EndGlobal
